<?xml version="1.0" encoding="utf-8"?>
<Project ToolsVersion="4.0" xmlns="http://schemas.microsoft.com/developer/msbuild/2003">
  <ItemGroup>
    <Filter Include="Source Files">
      <UniqueIdentifier>{4FC737F1-C7A5-4376-A066-2A32D752A2FF}</UniqueIdentifier>
      <Extensions>cpp;c;cc;cxx;def;odl;idl;hpj;bat;asm;asmx</Extensions>
    </Filter>
    <Filter Include="_Framework">
      <UniqueIdentifier>{0b776af2-bfcb-4635-9387-79853b59c5c6}</UniqueIdentifier>
    </Filter>
    <Filter Include="_Libs">
      <UniqueIdentifier>{d070f632-a0e4-474c-b128-e5bb87e185cc}</UniqueIdentifier>
    </Filter>
    <Filter Include="_Libs\Math">
      <UniqueIdentifier>{ecae81c0-f450-446d-a63b-91fe38bcfc34}</UniqueIdentifier>
    </Filter>
    <Filter Include="_Libs\Math\include">
      <UniqueIdentifier>{961f6b33-dd56-442a-87db-e040319f93c6}</UniqueIdentifier>
    </Filter>
    <Filter Include="_Libs\Math\lib">
      <UniqueIdentifier>{cdfbcf7d-b1c1-4465-bc44-caa73558cc72}</UniqueIdentifier>
    </Filter>
    <Filter Include="_Libs\GLFW">
      <UniqueIdentifier>{82260b34-bca8-4b16-8f4a-59d08a197db9}</UniqueIdentifier>
    </Filter>
    <Filter Include="_Libs\SB7">
      <UniqueIdentifier>{5316f6da-f4a5-4f4e-895f-5537f4b9e4e8}</UniqueIdentifier>
    </Filter>
    <Filter Include="_Libs\File">
      <UniqueIdentifier>{6e1e2442-44d8-4812-bb1c-b0a96eee3670}</UniqueIdentifier>
    </Filter>
    <Filter Include="_Libs\GLFW\include">
      <UniqueIdentifier>{ab6520a4-029b-4737-95ed-0fccf96645c4}</UniqueIdentifier>
    </Filter>
    <Filter Include="_Libs\GLFW\lib">
      <UniqueIdentifier>{f7815dd9-420b-43c8-876b-b2fd16e733a4}</UniqueIdentifier>
    </Filter>
    <Filter Include="_Libs\File\include">
      <UniqueIdentifier>{45db13db-b00b-4d66-82c5-619e7e46530e}</UniqueIdentifier>
    </Filter>
    <Filter Include="_Libs\File\lib">
      <UniqueIdentifier>{84175db0-382c-4d35-ac50-46539a289d60}</UniqueIdentifier>
    </Filter>
    <Filter Include="_Libs\SB7\include">
      <UniqueIdentifier>{ad5605a8-75ec-449f-b1a6-50546aa4a566}</UniqueIdentifier>
    </Filter>
    <Filter Include="_Libs\SB7\lib">
      <UniqueIdentifier>{a99a30ae-df74-4920-9b8f-ba8c81f830f8}</UniqueIdentifier>
    </Filter>
    <Filter Include="_Libs\SB7\include\GL">
      <UniqueIdentifier>{2969fd33-2f3d-44c5-83d1-a38b78a82620}</UniqueIdentifier>
    </Filter>
    <Filter Include="_Libs\PCSTree">
      <UniqueIdentifier>{d8aaaf05-8fb2-4338-a057-cdb794d8ffd0}</UniqueIdentifier>
    </Filter>
    <Filter Include="_Libs\PCSTree\include">
      <UniqueIdentifier>{712253c0-0ce4-4dbf-ae4f-cb08dcc00097}</UniqueIdentifier>
    </Filter>
    <Filter Include="_Libs\PCSTree\lib">
      <UniqueIdentifier>{b8bcc86f-da48-46a7-8319-c6815dd7f9d6}</UniqueIdentifier>
    </Filter>
    <Filter Include="Source Files\Assets">
      <UniqueIdentifier>{df224dcc-1970-4be1-9096-281d252c9982}</UniqueIdentifier>
    </Filter>
    <Filter Include="Source Files\Camera">
      <UniqueIdentifier>{d5be445e-c01c-4971-a785-7fd13b85ded4}</UniqueIdentifier>
    </Filter>
    <Filter Include="Source Files\Game">
      <UniqueIdentifier>{0356f0d3-3306-41cc-95d7-c5074aa0cbe8}</UniqueIdentifier>
    </Filter>
    <Filter Include="Source Files\GameObject">
      <UniqueIdentifier>{7823567a-82f1-446c-8076-5a078f1031f8}</UniqueIdentifier>
    </Filter>
    <Filter Include="Source Files\GraphicsObject">
      <UniqueIdentifier>{3b2b1f88-24d2-4639-98e2-89c3e7ca0ccf}</UniqueIdentifier>
    </Filter>
    <Filter Include="Source Files\Input">
      <UniqueIdentifier>{a324b337-eaac-4e76-b5c4-7adaedba8103}</UniqueIdentifier>
    </Filter>
    <Filter Include="Source Files\Shaders">
      <UniqueIdentifier>{93639762-5068-4109-865a-171e5bb75f7c}</UniqueIdentifier>
    </Filter>
    <Filter Include="Source Files\Textures">
      <UniqueIdentifier>{907e33e7-2d66-4cc8-a664-bf5f38ba1574}</UniqueIdentifier>
    </Filter>
    <Filter Include="Source Files\Models">
      <UniqueIdentifier>{e69e0096-f5bb-4b33-b504-b35bf67a7d9c}</UniqueIdentifier>
    </Filter>
    <Filter Include="Source Files\Engine">
      <UniqueIdentifier>{cc0eec0a-9273-4570-a2c2-7b8b3636ad36}</UniqueIdentifier>
    </Filter>
    <Filter Include="Source Files\Demo">
      <UniqueIdentifier>{75b1af2a-0251-4353-b980-8e0bc3999f1d}</UniqueIdentifier>
    </Filter>
    <Filter Include="Source Files\Manager">
      <UniqueIdentifier>{1b5bd079-2ff5-4293-8333-1265830c5c23}</UniqueIdentifier>
    </Filter>
  </ItemGroup>
  <ItemGroup>
    <None Include="..\Framework\__DO NOT MODIFY__">
      <Filter>_Framework</Filter>
    </None>
    <None Include="ClassDiagram.cd">
      <Filter>Source Files</Filter>
    </None>
    <None Include="..\dist\Math\lib\Math_X86Debug.pdb">
      <Filter>_Libs\Math\lib</Filter>
    </None>
    <None Include="..\dist\Math\lib\Math_X86Release.pdb">
      <Filter>_Libs\Math\lib</Filter>
    </None>
    <None Include="..\dist\GLFW\lib\GLFW_X86Debug.pdb">
      <Filter>_Libs\GLFW\lib</Filter>
    </None>
    <None Include="..\dist\GLFW\lib\GLFW_X86Release.pdb">
      <Filter>_Libs\GLFW\lib</Filter>
    </None>
    <None Include="..\dist\SB7\lib\SB7_X86Debug.pdb">
      <Filter>_Libs\SB7\lib</Filter>
    </None>
    <None Include="..\dist\SB7\lib\SB7_X86Release.pdb">
      <Filter>_Libs\SB7\lib</Filter>
    </None>
    <None Include="..\dist\File\lib\File_X86Debug.pdb">
      <Filter>_Libs\File\lib</Filter>
    </None>
    <None Include="..\dist\File\lib\File_X86Release.pdb">
      <Filter>_Libs\File\lib</Filter>
    </None>
    <None Include="..\dist\PCSTree\lib\PCSTree_X86Debug.pdb">
      <Filter>_Libs\PCSTree\lib</Filter>
    </None>
    <None Include="..\dist\PCSTree\lib\PCSTree_X86Release.pdb">
      <Filter>_Libs\PCSTree\lib</Filter>
    </None>
    <None Include="Shaders\colorRender.fs.glsl">
      <Filter>Source Files\Shaders</Filter>
    </None>
    <None Include="Shaders\colorRender.vs.glsl">
      <Filter>Source Files\Shaders</Filter>
    </None>
    <None Include="Shaders\nullRender.fs.glsl">
      <Filter>Source Files\Shaders</Filter>
    </None>
    <None Include="Shaders\nullRender.vs.glsl">
      <Filter>Source Files\Shaders</Filter>
    </None>
    <None Include="Shaders\textureRender.fs.glsl">
      <Filter>Source Files\Shaders</Filter>
    </None>
    <None Include="Shaders\textureRender.vs.glsl">
      <Filter>Source Files\Shaders</Filter>
    </None>
    <None Include="Shaders\constColorRender.fs.glsl">
      <Filter>Source Files\Shaders</Filter>
    </None>
    <None Include="Shaders\constColorRender.vs.glsl">
      <Filter>Source Files\Shaders</Filter>
    </None>
    <None Include="Shaders\texturePointLightDiff.fs.glsl">
      <Filter>Source Files\Shaders</Filter>
    </None>
    <None Include="Shaders\texturePointLightDiff.vs.glsl">
      <Filter>Source Files\Shaders</Filter>
    </None>
    <None Include="Textures\Texture.cd" />
  </ItemGroup>
  <ItemGroup>
    <ClInclude Include="..\Framework\Framework.h">
      <Filter>_Framework</Filter>
    </ClInclude>
    <ClInclude Include="..\dist\Math\include\Align16Math.h">
      <Filter>_Libs\Math\include</Filter>
    </ClInclude>
    <ClInclude Include="..\dist\Math\include\Constants.h">
      <Filter>_Libs\Math\include</Filter>
    </ClInclude>
    <ClInclude Include="..\dist\Math\include\Debug.h">
      <Filter>_Libs\Math\include</Filter>
    </ClInclude>
    <ClInclude Include="..\dist\Math\include\Enum.h">
      <Filter>_Libs\Math\include</Filter>
    </ClInclude>
    <ClInclude Include="..\dist\Math\include\MathEngine.h">
      <Filter>_Libs\Math\include</Filter>
    </ClInclude>
    <ClInclude Include="..\dist\Math\include\Matrix.h">
      <Filter>_Libs\Math\include</Filter>
    </ClInclude>
    <ClInclude Include="..\dist\Math\include\Trig.h">
      <Filter>_Libs\Math\include</Filter>
    </ClInclude>
    <ClInclude Include="..\dist\Math\include\Util.h">
      <Filter>_Libs\Math\include</Filter>
    </ClInclude>
    <ClInclude Include="..\dist\Math\include\Vect.h">
      <Filter>_Libs\Math\include</Filter>
    </ClInclude>
    <ClInclude Include="..\GLFW\include\GLFW\glfw3.h">
      <Filter>_Libs\GLFW\include</Filter>
    </ClInclude>
    <ClInclude Include="..\GLFW\include\GLFW\glfw3native.h">
      <Filter>_Libs\GLFW\include</Filter>
    </ClInclude>
    <ClInclude Include="..\dist\SB7\include\object.h">
      <Filter>_Libs\SB7\include</Filter>
    </ClInclude>
    <ClInclude Include="..\dist\SB7\include\sb6mfile.h">
      <Filter>_Libs\SB7\include</Filter>
    </ClInclude>
    <ClInclude Include="..\dist\SB7\include\sb7.h">
      <Filter>_Libs\SB7\include</Filter>
    </ClInclude>
    <ClInclude Include="..\dist\SB7\include\sb7color.h">
      <Filter>_Libs\SB7\include</Filter>
    </ClInclude>
    <ClInclude Include="..\dist\SB7\include\sb7ext.h">
      <Filter>_Libs\SB7\include</Filter>
    </ClInclude>
    <ClInclude Include="..\dist\SB7\include\sb7ktx.h">
      <Filter>_Libs\SB7\include</Filter>
    </ClInclude>
    <ClInclude Include="..\dist\SB7\include\sb7textoverlay.h">
      <Filter>_Libs\SB7\include</Filter>
    </ClInclude>
    <ClInclude Include="..\dist\SB7\include\shader.h">
      <Filter>_Libs\SB7\include</Filter>
    </ClInclude>
    <ClInclude Include="..\dist\SB7\include\vmath.h">
      <Filter>_Libs\SB7\include</Filter>
    </ClInclude>
    <ClInclude Include="..\dist\SB7\include\GL\gl3w.h">
      <Filter>_Libs\SB7\include\GL</Filter>
    </ClInclude>
    <ClInclude Include="..\dist\SB7\include\GL\glcorearb.h">
      <Filter>_Libs\SB7\include\GL</Filter>
    </ClInclude>
    <ClInclude Include="..\dist\SB7\include\GL\glext.h">
      <Filter>_Libs\SB7\include\GL</Filter>
    </ClInclude>
    <ClInclude Include="..\dist\SB7\include\GL\glxext.h">
      <Filter>_Libs\SB7\include\GL</Filter>
    </ClInclude>
    <ClInclude Include="..\dist\SB7\include\GL\wglext.h">
      <Filter>_Libs\SB7\include\GL</Filter>
    </ClInclude>
    <ClInclude Include="..\dist\File\include\File.h">
      <Filter>_Libs\File\include</Filter>
    </ClInclude>
    <ClInclude Include="..\dist\PCSTree\include\PCSNode.h">
      <Filter>_Libs\PCSTree\include</Filter>
    </ClInclude>
    <ClInclude Include="..\dist\PCSTree\include\PCSTree.h">
      <Filter>_Libs\PCSTree\include</Filter>
    </ClInclude>
    <ClInclude Include="..\dist\PCSTree\include\PCSTreeForwardIterator.h">
      <Filter>_Libs\PCSTree\include</Filter>
    </ClInclude>
    <ClInclude Include="..\dist\PCSTree\include\PCSTreeIterator.h">
      <Filter>_Libs\PCSTree\include</Filter>
    </ClInclude>
    <ClInclude Include="..\dist\PCSTree\include\PCSTreeReverseIterator.h">
      <Filter>_Libs\PCSTree\include</Filter>
    </ClInclude>
    <ClInclude Include="Camera\Camera.h">
      <Filter>Source Files\Camera</Filter>
    </ClInclude>
    <ClInclude Include="Models\CubeModel.h">
      <Filter>Source Files\Models</Filter>
    </ClInclude>
    <ClInclude Include="Engine\Engine.h">
      <Filter>Source Files\Engine</Filter>
    </ClInclude>
    <ClInclude Include="Game\Game.h">
      <Filter>Source Files\Game</Filter>
    </ClInclude>
    <ClInclude Include="GameObject\GameObject.h">
      <Filter>Source Files\GameObject</Filter>
    </ClInclude>
    <ClInclude Include="GraphicsObject\GraphicsObject.h">
      <Filter>Source Files\GraphicsObject</Filter>
    </ClInclude>
    <ClInclude Include="GraphicsObject\GraphicsObject_ColorByPosition.h">
      <Filter>Source Files\GraphicsObject</Filter>
    </ClInclude>
    <ClInclude Include="GraphicsObject\GraphicsObject_FlatTexture.h">
      <Filter>Source Files\GraphicsObject</Filter>
    </ClInclude>
    <ClInclude Include="GraphicsObject\GraphicsObject_Null.h">
      <Filter>Source Files\GraphicsObject</Filter>
    </ClInclude>
    <ClInclude Include="GraphicsObject\GraphicsObject_Wireframe.h">
      <Filter>Source Files\GraphicsObject</Filter>
    </ClInclude>
    <ClInclude Include="Input\InputTest.h">
      <Filter>Source Files\Input</Filter>
    </ClInclude>
    <ClInclude Include="Input\Keyboard.h">
      <Filter>Source Files\Input</Filter>
    </ClInclude>
    <ClInclude Include="Input\Mouse.h">
      <Filter>Source Files\Input</Filter>
    </ClInclude>
    <ClInclude Include="Models\Model.h">
      <Filter>Source Files\Models</Filter>
    </ClInclude>
    <ClInclude Include="Models\NullModel.h">
      <Filter>Source Files\Models</Filter>
    </ClInclude>
    <ClInclude Include="Shaders\ShaderObject.h">
      <Filter>Source Files\Shaders</Filter>
    </ClInclude>
    <ClInclude Include="Textures\TGA.h">
      <Filter>Source Files\Textures</Filter>
    </ClInclude>
    <ClInclude Include="GraphicsObject\RenderMaterial.h">
      <Filter>Source Files\GraphicsObject</Filter>
    </ClInclude>
    <ClInclude Include="GameObject\GameObjectManager.h">
      <Filter>Source Files\GameObject</Filter>
    </ClInclude>
    <ClInclude Include="Input\InputManager.h">
      <Filter>Source Files\Input</Filter>
    </ClInclude>
    <ClInclude Include="GraphicsObject\GraphicsObject_ConstColor.h">
      <Filter>Source Files\GraphicsObject</Filter>
    </ClInclude>
    <ClInclude Include="GraphicsObject\GraphicsObject_TextureLight.h">
      <Filter>Source Files\GraphicsObject</Filter>
    </ClInclude>
    <ClInclude Include="Models\ModelFileHdr.h">
      <Filter>Source Files\Models</Filter>
    </ClInclude>
    <ClInclude Include="Models\ModelManager.h">
      <Filter>Source Files\Models</Filter>
    </ClInclude>
    <ClInclude Include="Shaders\ShaderManager.h">
      <Filter>Source Files\Shaders</Filter>
    </ClInclude>
    <ClInclude Include="Camera\CameraManager.h">
      <Filter>Source Files\Camera</Filter>
    </ClInclude>
    <ClInclude Include="Models\PyramidModel.h">
      <Filter>Source Files\Models</Filter>
    </ClInclude>
    <ClInclude Include="Models\SphereModel.h">
      <Filter>Source Files\Models</Filter>
    </ClInclude>
    <ClInclude Include="Demo\Demo.h">
      <Filter>Source Files\Demo</Filter>
    </ClInclude>
    <ClInclude Include="Models\DiamondModel.h">
      <Filter>Source Files\Models</Filter>
    </ClInclude>
    <ClInclude Include="Textures\TextureManager.h">
      <Filter>Source Files\Textures</Filter>
    </ClInclude>
    <ClInclude Include="Textures\Texture.h">
      <Filter>Source Files\Textures</Filter>
    </ClInclude>
    <ClInclude Include="Manager\DLink.h">
      <Filter>Source Files\Manager</Filter>
    </ClInclude>
    <ClInclude Include="Manager\Manager.h">
      <Filter>Source Files\Manager</Filter>
    </ClInclude>
  </ItemGroup>
  <ItemGroup>
    <ClCompile Include="main.cpp">
      <Filter>Source Files</Filter>
    </ClCompile>
    <ClCompile Include="Camera\Camera.cpp">
      <Filter>Source Files\Camera</Filter>
    </ClCompile>
    <ClCompile Include="Models\CubeModel.cpp">
      <Filter>Source Files\Models</Filter>
    </ClCompile>
    <ClCompile Include="Engine\Engine.cpp">
      <Filter>Source Files\Engine</Filter>
    </ClCompile>
    <ClCompile Include="Game\Game.cpp">
      <Filter>Source Files\Game</Filter>
    </ClCompile>
    <ClCompile Include="GameObject\GameObject.cpp">
      <Filter>Source Files\GameObject</Filter>
    </ClCompile>
    <ClCompile Include="GraphicsObject\GraphicsObject.cpp">
      <Filter>Source Files\GraphicsObject</Filter>
    </ClCompile>
    <ClCompile Include="GraphicsObject\GraphicsObject_ColorByPosition.cpp">
      <Filter>Source Files\GraphicsObject</Filter>
    </ClCompile>
    <ClCompile Include="GraphicsObject\GraphicsObject_FlatTexture.cpp">
      <Filter>Source Files\GraphicsObject</Filter>
    </ClCompile>
    <ClCompile Include="GraphicsObject\GraphicsObject_Null.cpp">
      <Filter>Source Files\GraphicsObject</Filter>
    </ClCompile>
    <ClCompile Include="GraphicsObject\GraphicsObject_Wireframe.cpp">
      <Filter>Source Files\GraphicsObject</Filter>
    </ClCompile>
    <ClCompile Include="Input\InputTest.cpp">
      <Filter>Source Files\Input</Filter>
    </ClCompile>
    <ClCompile Include="Input\Keyboard.cpp">
      <Filter>Source Files\Input</Filter>
    </ClCompile>
    <ClCompile Include="Input\Mouse.cpp">
      <Filter>Source Files\Input</Filter>
    </ClCompile>
    <ClCompile Include="Models\Model.cpp">
      <Filter>Source Files\Models</Filter>
    </ClCompile>
    <ClCompile Include="Models\NullModel.cpp">
      <Filter>Source Files\Models</Filter>
    </ClCompile>
    <ClCompile Include="Shaders\ShaderObject.cpp">
      <Filter>Source Files\Shaders</Filter>
    </ClCompile>
    <ClCompile Include="GameObject\GameObjectManager.cpp">
      <Filter>Source Files\GameObject</Filter>
    </ClCompile>
    <ClCompile Include="Input\InputManager.cpp">
      <Filter>Source Files\Input</Filter>
    </ClCompile>
    <ClCompile Include="GraphicsObject\GraphicsObject_ConstColor.cpp">
      <Filter>Source Files\GraphicsObject</Filter>
    </ClCompile>
    <ClCompile Include="GraphicsObject\GraphicsObject_TextureLight.cpp">
      <Filter>Source Files\GraphicsObject</Filter>
    </ClCompile>
    <ClCompile Include="Models\ModelFileHdr.cpp">
      <Filter>Source Files\Models</Filter>
    </ClCompile>
    <ClCompile Include="Models\ModelManager.cpp">
      <Filter>Source Files\Models</Filter>
    </ClCompile>
    <ClCompile Include="Shaders\ShaderManager.cpp">
      <Filter>Source Files\Shaders</Filter>
    </ClCompile>
    <ClCompile Include="Camera\CameraManager.cpp">
      <Filter>Source Files\Camera</Filter>
    </ClCompile>
    <ClCompile Include="Models\PyramidModel.cpp">
      <Filter>Source Files\Models</Filter>
    </ClCompile>
    <ClCompile Include="Models\SphereModel.cpp">
      <Filter>Source Files\Models</Filter>
    </ClCompile>
    <ClCompile Include="Demo\Demo.cpp">
      <Filter>Source Files\Demo</Filter>
    </ClCompile>
    <ClCompile Include="Models\DiamondModel.cpp">
      <Filter>Source Files\Models</Filter>
    </ClCompile>
    <ClCompile Include="Textures\TextureManager.cpp">
      <Filter>Source Files\Textures</Filter>
    </ClCompile>
    <ClCompile Include="Textures\Texture.cpp">
      <Filter>Source Files\Textures</Filter>
    </ClCompile>
    <ClCompile Include="Manager\Manager.cpp">
      <Filter>Source Files\Manager</Filter>
    </ClCompile>
    <ClCompile Include="Manager\DLink.cpp">
      <Filter>Source Files\Manager</Filter>
    </ClCompile>
  </ItemGroup>
  <ItemGroup>
    <Library Include="..\dist\Math\lib\Math_X86Debug.lib">
      <Filter>_Libs\Math\lib</Filter>
    </Library>
    <Library Include="..\dist\Math\lib\Math_X86Release.lib">
      <Filter>_Libs\Math\lib</Filter>
    </Library>
    <Library Include="..\dist\GLFW\lib\GLFW_X86Debug.lib">
      <Filter>_Libs\GLFW\lib</Filter>
    </Library>
    <Library Include="..\dist\GLFW\lib\GLFW_X86Release.lib">
      <Filter>_Libs\GLFW\lib</Filter>
    </Library>
    <Library Include="..\dist\SB7\lib\SB7_X86Debug.lib">
      <Filter>_Libs\SB7\lib</Filter>
    </Library>
    <Library Include="..\dist\SB7\lib\SB7_X86Release.lib">
      <Filter>_Libs\SB7\lib</Filter>
    </Library>
    <Library Include="..\dist\File\lib\File_X86Debug.lib">
      <Filter>_Libs\File\lib</Filter>
    </Library>
    <Library Include="..\dist\File\lib\File_X86Release.lib">
      <Filter>_Libs\File\lib</Filter>
    </Library>
    <Library Include="..\dist\PCSTree\lib\PCSTree_X86Debug.lib">
      <Filter>_Libs\PCSTree\lib</Filter>
    </Library>
    <Library Include="..\dist\PCSTree\lib\PCSTree_X86Release.lib">
      <Filter>_Libs\PCSTree\lib</Filter>
    </Library>
  </ItemGroup>
  <ItemGroup>
    <Image Include="Assets\Rocks.tga">
      <Filter>Source Files\Assets</Filter>
    </Image>
    <Image Include="Assets\RedBrick.tga">
      <Filter>Source Files\Assets</Filter>
    </Image>
    <Image Include="Assets\Stone.tga">
      <Filter>Source Files\Assets</Filter>
    </Image>
    <Image Include="Assets\Duckweed.tga">
      <Filter>Source Files\Assets</Filter>
    </Image>
  </ItemGroup>
</Project>